
Microsoft Visual Studio Solution File, Format Version 12.00
# Visual Studio Version 16
VisualStudioVersion = 16.0.30413.136
MinimumVisualStudioVersion = 10.0.40219.1
Project("{FAE04EC0-301F-11D3-BF4B-00C04F79EFBC}") = "Kwik E Mart", "Kwik E Mart\Kwik E Mart.csproj", "{EB671276-0ED4-422C-B111-26F2F469C7B3}"
EndProject
Project("{FAE04EC0-301F-11D3-BF4B-00C04F79EFBC}") = "Kwik E Mart App", "Kwik E Mart App\Kwik E Mart App.csproj", "{B6DF5DCA-A96E-485C-AB9B-886D73F66176}"
EndProject
Global
	GlobalSection(SolutionConfigurationPlatforms) = preSolution
		Debug|Any CPU = Debug|Any CPU
		Release|Any CPU = Release|Any CPU
	EndGlobalSection
	GlobalSection(ProjectConfigurationPlatforms) = postSolution
		{EB671276-0ED4-422C-B111-26F2F469C7B3}.Debug|Any CPU.ActiveCfg = Debug|Any CPU
		{EB671276-0ED4-422C-B111-26F2F469C7B3}.Debug|Any CPU.Build.0 = Debug|Any CPU
		{EB671276-0ED4-422C-B111-26F2F469C7B3}.Release|Any CPU.ActiveCfg = Release|Any CPU
		{EB671276-0ED4-422C-B111-26F2F469C7B3}.Release|Any CPU.Build.0 = Release|Any CPU
		{B6DF5DCA-A96E-485C-AB9B-886D73F66176}.Debug|Any CPU.ActiveCfg = Debug|Any CPU
		{B6DF5DCA-A96E-485C-AB9B-886D73F66176}.Debug|Any CPU.Build.0 = Debug|Any CPU
		{B6DF5DCA-A96E-485C-AB9B-886D73F66176}.Release|Any CPU.ActiveCfg = Release|Any CPU
		{B6DF5DCA-A96E-485C-AB9B-886D73F66176}.Release|Any CPU.Build.0 = Release|Any CPU
	EndGlobalSection
	GlobalSection(SolutionProperties) = preSolution
		HideSolutionNode = FALSE
	EndGlobalSection
	GlobalSection(ExtensibilityGlobals) = postSolution
		SolutionGuid = {4BDD18D5-9B96-464A-B0FF-6643B643E341}
	EndGlobalSection
EndGlobal
