
Microsoft Visual Studio Solution File, Format Version 12.00
# Visual Studio Version 16
VisualStudioVersion = 16.0.30523.141
MinimumVisualStudioVersion = 10.0.40219.1
Project("{FAE04EC0-301F-11D3-BF4B-00C04F79EFBC}") = "Proyecto comidas rapidas", "Proyecto comidas rapidas\Proyecto comidas rapidas.csproj", "{8E6167E7-B442-4578-8989-8EC31A8FCDDD}"
EndProject
Project("{FAE04EC0-301F-11D3-BF4B-00C04F79EFBC}") = "App_Comidas", "App_Comidas\App_Comidas.csproj", "{64E66499-BAE1-4EFE-9E68-F8011C2EE41B}"
EndProject
Global
	GlobalSection(SolutionConfigurationPlatforms) = preSolution
		Debug|Any CPU = Debug|Any CPU
		Release|Any CPU = Release|Any CPU
	EndGlobalSection
	GlobalSection(ProjectConfigurationPlatforms) = postSolution
		{8E6167E7-B442-4578-8989-8EC31A8FCDDD}.Debug|Any CPU.ActiveCfg = Debug|Any CPU
		{8E6167E7-B442-4578-8989-8EC31A8FCDDD}.Debug|Any CPU.Build.0 = Debug|Any CPU
		{8E6167E7-B442-4578-8989-8EC31A8FCDDD}.Release|Any CPU.ActiveCfg = Release|Any CPU
		{8E6167E7-B442-4578-8989-8EC31A8FCDDD}.Release|Any CPU.Build.0 = Release|Any CPU
		{64E66499-BAE1-4EFE-9E68-F8011C2EE41B}.Debug|Any CPU.ActiveCfg = Debug|Any CPU
		{64E66499-BAE1-4EFE-9E68-F8011C2EE41B}.Debug|Any CPU.Build.0 = Debug|Any CPU
		{64E66499-BAE1-4EFE-9E68-F8011C2EE41B}.Release|Any CPU.ActiveCfg = Release|Any CPU
		{64E66499-BAE1-4EFE-9E68-F8011C2EE41B}.Release|Any CPU.Build.0 = Release|Any CPU
	EndGlobalSection
	GlobalSection(SolutionProperties) = preSolution
		HideSolutionNode = FALSE
	EndGlobalSection
	GlobalSection(ExtensibilityGlobals) = postSolution
		SolutionGuid = {4FA04460-74EF-401A-AC66-0F2D797117A6}
	EndGlobalSection
EndGlobal
